<?xml version="1.0" encoding="utf-8"?>
<Project ToolsVersion="4.0" xmlns="http://schemas.microsoft.com/developer/msbuild/2003">
  <ItemGroup>
    <ClCompile Include="AutoTestClient.cpp">
      <Filter>Source Files</Filter>
    </ClCompile>
    <ClCompile Include="TcpSocketClient.cpp">
      <Filter>Source Files</Filter>
    </ClCompile>
    <ClCompile Include="XmlOpeation.cpp">
      <Filter>Source Files</Filter>
    </ClCompile>
    <ClCompile Include="..\..\..\ThirdParty\Utils\XML\tinystr.cpp">
      <Filter>XML</Filter>
    </ClCompile>
    <ClCompile Include="..\..\..\ThirdParty\Utils\XML\tinyxml.cpp">
      <Filter>XML</Filter>
    </ClCompile>
    <ClCompile Include="..\..\..\ThirdParty\Utils\XML\tinyxmlerror.cpp">
      <Filter>XML</Filter>
    </ClCompile>
    <ClCompile Include="..\..\..\ThirdParty\Utils\XML\tinyxmlparser.cpp">
      <Filter>XML</Filter>
    </ClCompile>
  </ItemGroup>
  <ItemGroup>
    <ClInclude Include="Common.h">
      <Filter>Header Files</Filter>
    </ClInclude>
    <ClInclude Include="TcpSocketClient.h">
      <Filter>Header Files</Filter>
    </ClInclude>
    <ClInclude Include="XmlOpeation.h">
      <Filter>Header Files</Filter>
    </ClInclude>
    <ClInclude Include="..\..\..\ThirdParty\Utils\XML\tinystr.h">
      <Filter>XML</Filter>
    </ClInclude>
    <ClInclude Include="..\..\..\ThirdParty\Utils\XML\tinyxml.h">
      <Filter>XML</Filter>
    </ClInclude>
  </ItemGroup>
  <ItemGroup>
    <Text Include="ReadMe.txt" />
  </ItemGroup>
  <ItemGroup>
    <Filter Include="Header Files">
      <UniqueIdentifier>{d314b0e8-aa2d-4f54-8ed5-f73b018d8d9f}</UniqueIdentifier>
    </Filter>
    <Filter Include="Source Files">
      <UniqueIdentifier>{d7bfed8c-8263-457b-90e9-ff8a4964c497}</UniqueIdentifier>
    </Filter>
    <Filter Include="XML">
      <UniqueIdentifier>{4ba6ca14-c28e-4a2c-9f37-a00179e239ca}</UniqueIdentifier>
    </Filter>
  </ItemGroup>
</Project>