
Microsoft Visual Studio Solution File, Format Version 12.00
# Visual Studio 14
VisualStudioVersion = 14.0.25420.1
MinimumVisualStudioVersion = 10.0.40219.1
Project("{8BC9CEB8-8B4A-11D0-8D11-00A0C91BC942}") = "PurenessScopeServer", "PurenessScopeServer\PurenessScopeServer\PurenessScopeServer.vcxproj", "{8C99CA60-B114-4866-8D87-9DC0C17831F3}"
EndProject
Project("{8BC9CEB8-8B4A-11D0-8D11-00A0C91BC942}") = "PacketParse_Interface_WebSocket", "PurenessScopeServer\PacketParse_Interface_WebSocket\PacketParse_Interface_WebSocket.vcxproj", "{511391FD-8BFC-458F-86AD-2E08525F84A2}"
EndProject
Project("{8BC9CEB8-8B4A-11D0-8D11-00A0C91BC942}") = "WebSocketTest", "PurenessScopeServer\example-Module\WebSocket\WebSocketTest.vcxproj", "{FCD375CB-FECA-1BAD-151F-D7130000002E}"
EndProject
Project("{8BC9CEB8-8B4A-11D0-8D11-00A0C91BC942}") = "TcpTest", "PurenessScopeServer\example-Module\TcpTest\TcpTest.vcxproj", "{6C2026BE-FECA-1BAD-2246-D8260000002E}"
EndProject
Project("{8BC9CEB8-8B4A-11D0-8D11-00A0C91BC942}") = "TimerTest", "PurenessScopeServer\example-Module\TimerTest\TimerTest.vcxproj", "{46B606BB-FECA-1BAD-2246-D8260000002E}"
EndProject
Project("{8BC9CEB8-8B4A-11D0-8D11-00A0C91BC942}") = "PacketParse_Interface_Http", "PurenessScopeServer\PacketParse_Interface_Http\PacketParse_Interface_Http.vcxproj", "{94519142-1FDA-44E6-9B3F-F38D2D231B3D}"
EndProject
Project("{2150E333-8FDC-42A3-9474-1A3956D46DE8}") = "PacketParseModules", "PacketParseModules", "{0A2CE132-3DE5-4089-ABF4-12FD4A28EB5E}"
EndProject
Project("{2150E333-8FDC-42A3-9474-1A3956D46DE8}") = "ModuleTests", "ModuleTests", "{EC9DBD53-8A11-4A91-B6B8-F69ED5C14D7B}"
EndProject
Project("{8BC9CEB8-8B4A-11D0-8D11-00A0C91BC942}") = "PacketParse_Interface", "PurenessScopeServer\PacketParse_Interface\PacketParse_Interface.vcxproj", "{DEEBC840-8C55-4E6F-A4A6-09A725539F85}"
EndProject
Project("{8BC9CEB8-8B4A-11D0-8D11-00A0C91BC942}") = "AutoTest", "PurenessScopeServer\example-Module\AutoTest\AutoTest.vcxproj", "{2F26D6BE-FECA-1BAD-2246-D8260000002E}"
EndProject
Project("{8BC9CEB8-8B4A-11D0-8D11-00A0C91BC942}") = "FtpTest", "PurenessScopeServer\example-Module\FtpTest\FtpTest.vcxproj", "{6D1726BE-FECA-1BAD-2246-CB560000002E}"
EndProject
Project("{8BC9CEB8-8B4A-11D0-8D11-00A0C91BC942}") = "LuaTest", "PurenessScopeServer\example-Module\LuaTest\LuaTest.vcxproj", "{6DB736BE-FECA-1BAD-2246-C1570000002E}"
EndProject
Project("{8BC9CEB8-8B4A-11D0-8D11-00A0C91BC942}") = "TcpTestPost", "PurenessScopeServer\example-Module\TestTCPPost\TcpTestPost.vcxproj", "{3B20673A-FECA-1BAD-3A62-9A060000002E}"
EndProject
Project("{8BC9CEB8-8B4A-11D0-8D11-00A0C91BC942}") = "UDPTestPost", "PurenessScopeServer\example-Module\TestUDPPost\UDPTestPost.vcxproj", "{3B20670F-FECA-1BAD-3A62-9B760000002E}"
EndProject
Project("{8BC9CEB8-8B4A-11D0-8D11-00A0C91BC942}") = "UDPTest", "PurenessScopeServer\example-Module\UDPTest\UDPTest.vcxproj", "{6C1526BE-FECA-1BAD-1112-D8470000002E}"
EndProject
Project("{8BC9CEB8-8B4A-11D0-8D11-00A0C91BC942}") = "LSLogic", "PurenessScopeServer\example-Module\LsPlugIn\LSLogic.vcxproj", "{1D93DD85-FECA-1BAD-91F1-C3190000002E}"
EndProject
Project("{8BC9CEB8-8B4A-11D0-8D11-00A0C91BC942}") = "XMLParse", "PurenessScopeServer\example-Module\XMLParse\XMLParse.vcxproj", "{259D12CF-FECA-1BAD-6552-43F50000002E}"
EndProject
Project("{8BC9CEB8-8B4A-11D0-8D11-00A0C91BC942}") = "HttpTest", "PurenessScopeServer\example-Module\HttpTest\HttpTest.vcxproj", "{263726BE-FECA-1BAD-2242-79560000002E}"
EndProject
Project("{2150E333-8FDC-42A3-9474-1A3956D46DE8}") = "Tools", "Tools", "{45D4F1EB-81BB-4E77-9106-3F689F5610DD}"
EndProject
Project("{2150E333-8FDC-42A3-9474-1A3956D46DE8}") = "ClientTests", "ClientTests", "{6B49F1A5-D047-4F19-857F-7B74D7447E40}"
EndProject
Project("{8BC9CEB8-8B4A-11D0-8D11-00A0C91BC942}") = "AutoTestClient", "ClientTests\AutoTestClient\AutoTestClient\AutoTestClient.vcxproj", "{751C180A-FFF7-4D64-A497-C8D9A14F3630}"
EndProject
Project("{8BC9CEB8-8B4A-11D0-8D11-00A0C91BC942}") = "CommonTcpTest", "ClientTests\CommonTCPClient\CommonTcpTest\CommonTcpTest.vcxproj", "{5C8A5873-5D6B-4700-B6F6-4F7D74610094}"
EndProject
Project("{8BC9CEB8-8B4A-11D0-8D11-00A0C91BC942}") = "CommonTCPClient", "ClientTests\CommonTCPClient\CommonTCPClient\CommonTCPClient.vcxproj", "{C3460AB9-2AEC-4B04-A26C-5C55BBB022A0}"
EndProject
Project("{8BC9CEB8-8B4A-11D0-8D11-00A0C91BC942}") = "PSS_ClientManager", "ClientTests\PSS_ClientManager\PSS_ClientManager\PSS_ClientManager.vcxproj", "{A14EB494-5775-42B8-B99A-D7570633341D}"
EndProject
Project("{8BC9CEB8-8B4A-11D0-8D11-00A0C91BC942}") = "PSS_Monitor", "ClientTests\PSS_Monitor\PSS_Monitor.vcxproj", "{7F6F701D-FECA-1BAD-0FA1-3DB00000002E}"
EndProject
Project("{8BC9CEB8-8B4A-11D0-8D11-00A0C91BC942}") = "PssFtpClient", "ClientTests\PSSFtpClient\PssFtpClient\PssFtpClient.vcxproj", "{E16D3A07-B791-4243-BFAA-415DA02656C4}"
EndProject
Project("{8BC9CEB8-8B4A-11D0-8D11-00A0C91BC942}") = "PssLoginClient", "ClientTests\PSSLoginClient\LoginClient\LoginClient.vcxproj", "{C5D863A1-2306-40C6-8901-CDDEB8BE8068}"
EndProject
Project("{8BC9CEB8-8B4A-11D0-8D11-00A0C91BC942}") = "PSSPlugClient", "ClientTests\PSSPlugClient\PlugClient\PlugClient.vcxproj", "{B223B8DE-0548-413F-8FCC-F7A5E37FCE8A}"
EndProject
Project("{8BC9CEB8-8B4A-11D0-8D11-00A0C91BC942}") = "PSSProxyClient", "ClientTests\PSSProxyClient\PSSProxyClient\PSSProxyClient.vcxproj", "{E64C1DEC-F9B1-4AD1-8E04-8D36593D05A3}"
EndProject
Project("{8BC9CEB8-8B4A-11D0-8D11-00A0C91BC942}") = "LogFileWatch", "Tools\LogFileWatch\LogFileWatch\LogFileWatch.vcxproj", "{BD33DC6E-6D09-40AB-BC8A-FF551F2332FF}"
EndProject
Project("{8BC9CEB8-8B4A-11D0-8D11-00A0C91BC942}") = "PassTCP", "Tools\PassTCP\PassTCP\PassTCP.vcxproj", "{69A6A6A8-3F7A-4C17-8F12-E4EC564A4200}"
EndProject
Project("{8BC9CEB8-8B4A-11D0-8D11-00A0C91BC942}") = "TcpPacketCheck", "Tools\TcpPacketCheck\TcpPacketCheck\TcpPacketCheck.vcxproj", "{508EBF92-0B99-435B-B95E-DAE1C941CC95}"
EndProject
Project("{8BC9CEB8-8B4A-11D0-8D11-00A0C91BC942}") = "XML2CPP", "Tools\XML2CPP\XML2CPP\XML2CPP.vcxproj", "{F5BFBE54-E2D1-46AA-96C1-090ACC0CF420}"
EndProject
Project("{2150E333-8FDC-42A3-9474-1A3956D46DE8}") = "PurenessScopeServer", "PurenessScopeServer", "{6C3577A3-E979-49F4-BC93-3232D278BC39}"
EndProject
Project("{8BC9CEB8-8B4A-11D0-8D11-00A0C91BC942}") = "LGLogic", "PurenessScopeServer\Example-Module\LGLogic\LGLogic.vcxproj", "{1D87DD85-FECA-1BAD-91F1-C2590000002E}"
EndProject
Project("{8BC9CEB8-8B4A-11D0-8D11-00A0C91BC942}") = "PurenessLine", "Tools\PurenessLine\PurenessLine\PurenessLine.vcxproj", "{B7026F9B-F4D0-4008-80D1-A9CE0E910C1D}"
EndProject
Global
	GlobalSection(SolutionConfigurationPlatforms) = preSolution
		Debug|Win32 = Debug|Win32
		Debug|x64 = Debug|x64
		Release|Win32 = Release|Win32
		Release|x64 = Release|x64
	EndGlobalSection
	GlobalSection(ProjectConfigurationPlatforms) = postSolution
		{8C99CA60-B114-4866-8D87-9DC0C17831F3}.Debug|Win32.ActiveCfg = Debug|Win32
		{8C99CA60-B114-4866-8D87-9DC0C17831F3}.Debug|Win32.Build.0 = Debug|Win32
		{8C99CA60-B114-4866-8D87-9DC0C17831F3}.Debug|x64.ActiveCfg = Debug|x64
		{8C99CA60-B114-4866-8D87-9DC0C17831F3}.Debug|x64.Build.0 = Debug|x64
		{8C99CA60-B114-4866-8D87-9DC0C17831F3}.Release|Win32.ActiveCfg = Release|Win32
		{8C99CA60-B114-4866-8D87-9DC0C17831F3}.Release|Win32.Build.0 = Release|Win32
		{8C99CA60-B114-4866-8D87-9DC0C17831F3}.Release|x64.ActiveCfg = Release|x64
		{8C99CA60-B114-4866-8D87-9DC0C17831F3}.Release|x64.Build.0 = Release|x64
		{511391FD-8BFC-458F-86AD-2E08525F84A2}.Debug|Win32.ActiveCfg = Debug|Win32
		{511391FD-8BFC-458F-86AD-2E08525F84A2}.Debug|Win32.Build.0 = Debug|Win32
		{511391FD-8BFC-458F-86AD-2E08525F84A2}.Debug|x64.ActiveCfg = Debug|x64
		{511391FD-8BFC-458F-86AD-2E08525F84A2}.Debug|x64.Build.0 = Debug|x64
		{511391FD-8BFC-458F-86AD-2E08525F84A2}.Release|Win32.ActiveCfg = Release|Win32
		{511391FD-8BFC-458F-86AD-2E08525F84A2}.Release|Win32.Build.0 = Release|Win32
		{511391FD-8BFC-458F-86AD-2E08525F84A2}.Release|x64.ActiveCfg = Release|x64
		{511391FD-8BFC-458F-86AD-2E08525F84A2}.Release|x64.Build.0 = Release|x64
		{FCD375CB-FECA-1BAD-151F-D7130000002E}.Debug|Win32.ActiveCfg = Debug|Win32
		{FCD375CB-FECA-1BAD-151F-D7130000002E}.Debug|Win32.Build.0 = Debug|Win32
		{FCD375CB-FECA-1BAD-151F-D7130000002E}.Debug|x64.ActiveCfg = Debug|x64
		{FCD375CB-FECA-1BAD-151F-D7130000002E}.Debug|x64.Build.0 = Debug|x64
		{FCD375CB-FECA-1BAD-151F-D7130000002E}.Release|Win32.ActiveCfg = Release|Win32
		{FCD375CB-FECA-1BAD-151F-D7130000002E}.Release|Win32.Build.0 = Release|Win32
		{FCD375CB-FECA-1BAD-151F-D7130000002E}.Release|x64.ActiveCfg = Release|x64
		{FCD375CB-FECA-1BAD-151F-D7130000002E}.Release|x64.Build.0 = Release|x64
		{6C2026BE-FECA-1BAD-2246-D8260000002E}.Debug|Win32.ActiveCfg = Debug|Win32
		{6C2026BE-FECA-1BAD-2246-D8260000002E}.Debug|Win32.Build.0 = Debug|Win32
		{6C2026BE-FECA-1BAD-2246-D8260000002E}.Debug|x64.ActiveCfg = Debug|x64
		{6C2026BE-FECA-1BAD-2246-D8260000002E}.Debug|x64.Build.0 = Debug|x64
		{6C2026BE-FECA-1BAD-2246-D8260000002E}.Release|Win32.ActiveCfg = Release|Win32
		{6C2026BE-FECA-1BAD-2246-D8260000002E}.Release|Win32.Build.0 = Release|Win32
		{6C2026BE-FECA-1BAD-2246-D8260000002E}.Release|x64.ActiveCfg = Release|x64
		{6C2026BE-FECA-1BAD-2246-D8260000002E}.Release|x64.Build.0 = Release|x64
		{46B606BB-FECA-1BAD-2246-D8260000002E}.Debug|Win32.ActiveCfg = Debug|Win32
		{46B606BB-FECA-1BAD-2246-D8260000002E}.Debug|Win32.Build.0 = Debug|Win32
		{46B606BB-FECA-1BAD-2246-D8260000002E}.Debug|x64.ActiveCfg = Debug|x64
		{46B606BB-FECA-1BAD-2246-D8260000002E}.Debug|x64.Build.0 = Debug|x64
		{46B606BB-FECA-1BAD-2246-D8260000002E}.Release|Win32.ActiveCfg = Release|Win32
		{46B606BB-FECA-1BAD-2246-D8260000002E}.Release|Win32.Build.0 = Release|Win32
		{46B606BB-FECA-1BAD-2246-D8260000002E}.Release|x64.ActiveCfg = Release|x64
		{46B606BB-FECA-1BAD-2246-D8260000002E}.Release|x64.Build.0 = Release|x64
		{94519142-1FDA-44E6-9B3F-F38D2D231B3D}.Debug|Win32.ActiveCfg = Debug|Win32
		{94519142-1FDA-44E6-9B3F-F38D2D231B3D}.Debug|Win32.Build.0 = Debug|Win32
		{94519142-1FDA-44E6-9B3F-F38D2D231B3D}.Debug|x64.ActiveCfg = Debug|x64
		{94519142-1FDA-44E6-9B3F-F38D2D231B3D}.Debug|x64.Build.0 = Debug|x64
		{94519142-1FDA-44E6-9B3F-F38D2D231B3D}.Release|Win32.ActiveCfg = Release|Win32
		{94519142-1FDA-44E6-9B3F-F38D2D231B3D}.Release|Win32.Build.0 = Release|Win32
		{94519142-1FDA-44E6-9B3F-F38D2D231B3D}.Release|x64.ActiveCfg = Release|x64
		{94519142-1FDA-44E6-9B3F-F38D2D231B3D}.Release|x64.Build.0 = Release|x64
		{DEEBC840-8C55-4E6F-A4A6-09A725539F85}.Debug|Win32.ActiveCfg = Debug|Win32
		{DEEBC840-8C55-4E6F-A4A6-09A725539F85}.Debug|Win32.Build.0 = Debug|Win32
		{DEEBC840-8C55-4E6F-A4A6-09A725539F85}.Debug|x64.ActiveCfg = Debug|x64
		{DEEBC840-8C55-4E6F-A4A6-09A725539F85}.Debug|x64.Build.0 = Debug|x64
		{DEEBC840-8C55-4E6F-A4A6-09A725539F85}.Release|Win32.ActiveCfg = Release|Win32
		{DEEBC840-8C55-4E6F-A4A6-09A725539F85}.Release|Win32.Build.0 = Release|Win32
		{DEEBC840-8C55-4E6F-A4A6-09A725539F85}.Release|x64.ActiveCfg = Release|x64
		{DEEBC840-8C55-4E6F-A4A6-09A725539F85}.Release|x64.Build.0 = Release|x64
		{2F26D6BE-FECA-1BAD-2246-D8260000002E}.Debug|Win32.ActiveCfg = Debug|Win32
		{2F26D6BE-FECA-1BAD-2246-D8260000002E}.Debug|Win32.Build.0 = Debug|Win32
		{2F26D6BE-FECA-1BAD-2246-D8260000002E}.Debug|x64.ActiveCfg = Debug|x64
		{2F26D6BE-FECA-1BAD-2246-D8260000002E}.Debug|x64.Build.0 = Debug|x64
		{2F26D6BE-FECA-1BAD-2246-D8260000002E}.Release|Win32.ActiveCfg = Release|Win32
		{2F26D6BE-FECA-1BAD-2246-D8260000002E}.Release|Win32.Build.0 = Release|Win32
		{2F26D6BE-FECA-1BAD-2246-D8260000002E}.Release|x64.ActiveCfg = Release|x64
		{2F26D6BE-FECA-1BAD-2246-D8260000002E}.Release|x64.Build.0 = Release|x64
		{6D1726BE-FECA-1BAD-2246-CB560000002E}.Debug|Win32.ActiveCfg = Debug|Win32
		{6D1726BE-FECA-1BAD-2246-CB560000002E}.Debug|Win32.Build.0 = Debug|Win32
		{6D1726BE-FECA-1BAD-2246-CB560000002E}.Debug|x64.ActiveCfg = Debug|x64
		{6D1726BE-FECA-1BAD-2246-CB560000002E}.Debug|x64.Build.0 = Debug|x64
		{6D1726BE-FECA-1BAD-2246-CB560000002E}.Release|Win32.ActiveCfg = Release|Win32
		{6D1726BE-FECA-1BAD-2246-CB560000002E}.Release|Win32.Build.0 = Release|Win32
		{6D1726BE-FECA-1BAD-2246-CB560000002E}.Release|x64.ActiveCfg = Release|x64
		{6D1726BE-FECA-1BAD-2246-CB560000002E}.Release|x64.Build.0 = Release|x64
		{6DB736BE-FECA-1BAD-2246-C1570000002E}.Debug|Win32.ActiveCfg = Debug|Win32
		{6DB736BE-FECA-1BAD-2246-C1570000002E}.Debug|Win32.Build.0 = Debug|Win32
		{6DB736BE-FECA-1BAD-2246-C1570000002E}.Debug|x64.ActiveCfg = Debug|x64
		{6DB736BE-FECA-1BAD-2246-C1570000002E}.Debug|x64.Build.0 = Debug|x64
		{6DB736BE-FECA-1BAD-2246-C1570000002E}.Release|Win32.ActiveCfg = Release|Win32
		{6DB736BE-FECA-1BAD-2246-C1570000002E}.Release|Win32.Build.0 = Release|Win32
		{6DB736BE-FECA-1BAD-2246-C1570000002E}.Release|x64.ActiveCfg = Release|x64
		{6DB736BE-FECA-1BAD-2246-C1570000002E}.Release|x64.Build.0 = Release|x64
		{3B20673A-FECA-1BAD-3A62-9A060000002E}.Debug|Win32.ActiveCfg = Debug|Win32
		{3B20673A-FECA-1BAD-3A62-9A060000002E}.Debug|Win32.Build.0 = Debug|Win32
		{3B20673A-FECA-1BAD-3A62-9A060000002E}.Debug|x64.ActiveCfg = Debug|x64
		{3B20673A-FECA-1BAD-3A62-9A060000002E}.Debug|x64.Build.0 = Debug|x64
		{3B20673A-FECA-1BAD-3A62-9A060000002E}.Release|Win32.ActiveCfg = Release|Win32
		{3B20673A-FECA-1BAD-3A62-9A060000002E}.Release|Win32.Build.0 = Release|Win32
		{3B20673A-FECA-1BAD-3A62-9A060000002E}.Release|x64.ActiveCfg = Release|x64
		{3B20673A-FECA-1BAD-3A62-9A060000002E}.Release|x64.Build.0 = Release|x64
		{3B20670F-FECA-1BAD-3A62-9B760000002E}.Debug|Win32.ActiveCfg = Debug|Win32
		{3B20670F-FECA-1BAD-3A62-9B760000002E}.Debug|Win32.Build.0 = Debug|Win32
		{3B20670F-FECA-1BAD-3A62-9B760000002E}.Debug|x64.ActiveCfg = Debug|x64
		{3B20670F-FECA-1BAD-3A62-9B760000002E}.Debug|x64.Build.0 = Debug|x64
		{3B20670F-FECA-1BAD-3A62-9B760000002E}.Release|Win32.ActiveCfg = Release|Win32
		{3B20670F-FECA-1BAD-3A62-9B760000002E}.Release|Win32.Build.0 = Release|Win32
		{3B20670F-FECA-1BAD-3A62-9B760000002E}.Release|x64.ActiveCfg = Release|x64
		{3B20670F-FECA-1BAD-3A62-9B760000002E}.Release|x64.Build.0 = Release|x64
		{6C1526BE-FECA-1BAD-1112-D8470000002E}.Debug|Win32.ActiveCfg = Debug|Win32
		{6C1526BE-FECA-1BAD-1112-D8470000002E}.Debug|Win32.Build.0 = Debug|Win32
		{6C1526BE-FECA-1BAD-1112-D8470000002E}.Debug|x64.ActiveCfg = Debug|x64
		{6C1526BE-FECA-1BAD-1112-D8470000002E}.Debug|x64.Build.0 = Debug|x64
		{6C1526BE-FECA-1BAD-1112-D8470000002E}.Release|Win32.ActiveCfg = Release|Win32
		{6C1526BE-FECA-1BAD-1112-D8470000002E}.Release|Win32.Build.0 = Release|Win32
		{6C1526BE-FECA-1BAD-1112-D8470000002E}.Release|x64.ActiveCfg = Release|x64
		{6C1526BE-FECA-1BAD-1112-D8470000002E}.Release|x64.Build.0 = Release|x64
		{1D93DD85-FECA-1BAD-91F1-C3190000002E}.Debug|Win32.ActiveCfg = Debug|Win32
		{1D93DD85-FECA-1BAD-91F1-C3190000002E}.Debug|Win32.Build.0 = Debug|Win32
		{1D93DD85-FECA-1BAD-91F1-C3190000002E}.Debug|x64.ActiveCfg = Debug|x64
		{1D93DD85-FECA-1BAD-91F1-C3190000002E}.Debug|x64.Build.0 = Debug|x64
		{1D93DD85-FECA-1BAD-91F1-C3190000002E}.Release|Win32.ActiveCfg = Release|Win32
		{1D93DD85-FECA-1BAD-91F1-C3190000002E}.Release|Win32.Build.0 = Release|Win32
		{1D93DD85-FECA-1BAD-91F1-C3190000002E}.Release|x64.ActiveCfg = Release|x64
		{1D93DD85-FECA-1BAD-91F1-C3190000002E}.Release|x64.Build.0 = Release|x64
		{259D12CF-FECA-1BAD-6552-43F50000002E}.Debug|Win32.ActiveCfg = Debug|Win32
		{259D12CF-FECA-1BAD-6552-43F50000002E}.Debug|Win32.Build.0 = Debug|Win32
		{259D12CF-FECA-1BAD-6552-43F50000002E}.Debug|x64.ActiveCfg = Debug|x64
		{259D12CF-FECA-1BAD-6552-43F50000002E}.Debug|x64.Build.0 = Debug|x64
		{259D12CF-FECA-1BAD-6552-43F50000002E}.Release|Win32.ActiveCfg = Release|Win32
		{259D12CF-FECA-1BAD-6552-43F50000002E}.Release|Win32.Build.0 = Release|Win32
		{259D12CF-FECA-1BAD-6552-43F50000002E}.Release|x64.ActiveCfg = Release|x64
		{259D12CF-FECA-1BAD-6552-43F50000002E}.Release|x64.Build.0 = Release|x64
		{263726BE-FECA-1BAD-2242-79560000002E}.Debug|Win32.ActiveCfg = Debug|Win32
		{263726BE-FECA-1BAD-2242-79560000002E}.Debug|Win32.Build.0 = Debug|Win32
		{263726BE-FECA-1BAD-2242-79560000002E}.Debug|x64.ActiveCfg = Debug|x64
		{263726BE-FECA-1BAD-2242-79560000002E}.Debug|x64.Build.0 = Debug|x64
		{263726BE-FECA-1BAD-2242-79560000002E}.Release|Win32.ActiveCfg = Release|Win32
		{263726BE-FECA-1BAD-2242-79560000002E}.Release|Win32.Build.0 = Release|Win32
		{263726BE-FECA-1BAD-2242-79560000002E}.Release|x64.ActiveCfg = Release|x64
		{263726BE-FECA-1BAD-2242-79560000002E}.Release|x64.Build.0 = Release|x64
		{751C180A-FFF7-4D64-A497-C8D9A14F3630}.Debug|Win32.ActiveCfg = Debug|Win32
		{751C180A-FFF7-4D64-A497-C8D9A14F3630}.Debug|Win32.Build.0 = Debug|Win32
		{751C180A-FFF7-4D64-A497-C8D9A14F3630}.Debug|x64.ActiveCfg = Debug|x64
		{751C180A-FFF7-4D64-A497-C8D9A14F3630}.Release|Win32.ActiveCfg = Release|Win32
		{751C180A-FFF7-4D64-A497-C8D9A14F3630}.Release|Win32.Build.0 = Release|Win32
		{751C180A-FFF7-4D64-A497-C8D9A14F3630}.Release|x64.ActiveCfg = Release|Win32
		{5C8A5873-5D6B-4700-B6F6-4F7D74610094}.Debug|Win32.ActiveCfg = Debug|Win32
		{5C8A5873-5D6B-4700-B6F6-4F7D74610094}.Debug|Win32.Build.0 = Debug|Win32
		{5C8A5873-5D6B-4700-B6F6-4F7D74610094}.Debug|x64.ActiveCfg = Debug|x64
		{5C8A5873-5D6B-4700-B6F6-4F7D74610094}.Release|Win32.ActiveCfg = Release|Win32
		{5C8A5873-5D6B-4700-B6F6-4F7D74610094}.Release|Win32.Build.0 = Release|Win32
		{5C8A5873-5D6B-4700-B6F6-4F7D74610094}.Release|x64.ActiveCfg = Release|Win32
		{C3460AB9-2AEC-4B04-A26C-5C55BBB022A0}.Debug|Win32.ActiveCfg = Debug|Win32
		{C3460AB9-2AEC-4B04-A26C-5C55BBB022A0}.Debug|Win32.Build.0 = Debug|Win32
		{C3460AB9-2AEC-4B04-A26C-5C55BBB022A0}.Debug|x64.ActiveCfg = Debug|x64
		{C3460AB9-2AEC-4B04-A26C-5C55BBB022A0}.Release|Win32.ActiveCfg = Release|Win32
		{C3460AB9-2AEC-4B04-A26C-5C55BBB022A0}.Release|Win32.Build.0 = Release|Win32
		{C3460AB9-2AEC-4B04-A26C-5C55BBB022A0}.Release|x64.ActiveCfg = Release|Win32
		{A14EB494-5775-42B8-B99A-D7570633341D}.Debug|Win32.ActiveCfg = Debug|Win32
		{A14EB494-5775-42B8-B99A-D7570633341D}.Debug|Win32.Build.0 = Debug|Win32
		{A14EB494-5775-42B8-B99A-D7570633341D}.Debug|x64.ActiveCfg = Debug|x64
		{A14EB494-5775-42B8-B99A-D7570633341D}.Release|Win32.ActiveCfg = Release|Win32
		{A14EB494-5775-42B8-B99A-D7570633341D}.Release|Win32.Build.0 = Release|Win32
		{A14EB494-5775-42B8-B99A-D7570633341D}.Release|x64.ActiveCfg = Release|Win32
		{7F6F701D-FECA-1BAD-0FA1-3DB00000002E}.Debug|Win32.ActiveCfg = Debug|Win32
		{7F6F701D-FECA-1BAD-0FA1-3DB00000002E}.Debug|Win32.Build.0 = Debug|Win32
		{7F6F701D-FECA-1BAD-0FA1-3DB00000002E}.Debug|x64.ActiveCfg = Debug|x64
		{7F6F701D-FECA-1BAD-0FA1-3DB00000002E}.Debug|x64.Build.0 = Debug|x64
		{7F6F701D-FECA-1BAD-0FA1-3DB00000002E}.Release|Win32.ActiveCfg = Release|Win32
		{7F6F701D-FECA-1BAD-0FA1-3DB00000002E}.Release|Win32.Build.0 = Release|Win32
		{7F6F701D-FECA-1BAD-0FA1-3DB00000002E}.Release|x64.ActiveCfg = Release|x64
		{7F6F701D-FECA-1BAD-0FA1-3DB00000002E}.Release|x64.Build.0 = Release|x64
		{E16D3A07-B791-4243-BFAA-415DA02656C4}.Debug|Win32.ActiveCfg = Debug|Win32
		{E16D3A07-B791-4243-BFAA-415DA02656C4}.Debug|Win32.Build.0 = Debug|Win32
		{E16D3A07-B791-4243-BFAA-415DA02656C4}.Debug|x64.ActiveCfg = Debug|x64
		{E16D3A07-B791-4243-BFAA-415DA02656C4}.Release|Win32.ActiveCfg = Release|Win32
		{E16D3A07-B791-4243-BFAA-415DA02656C4}.Release|Win32.Build.0 = Release|Win32
		{E16D3A07-B791-4243-BFAA-415DA02656C4}.Release|x64.ActiveCfg = Release|Win32
		{C5D863A1-2306-40C6-8901-CDDEB8BE8068}.Debug|Win32.ActiveCfg = Debug|Win32
		{C5D863A1-2306-40C6-8901-CDDEB8BE8068}.Debug|Win32.Build.0 = Debug|Win32
		{C5D863A1-2306-40C6-8901-CDDEB8BE8068}.Debug|x64.ActiveCfg = Debug|x64
		{C5D863A1-2306-40C6-8901-CDDEB8BE8068}.Release|Win32.ActiveCfg = Release|Win32
		{C5D863A1-2306-40C6-8901-CDDEB8BE8068}.Release|Win32.Build.0 = Release|Win32
		{C5D863A1-2306-40C6-8901-CDDEB8BE8068}.Release|x64.ActiveCfg = Release|Win32
		{B223B8DE-0548-413F-8FCC-F7A5E37FCE8A}.Debug|Win32.ActiveCfg = Debug|Win32
		{B223B8DE-0548-413F-8FCC-F7A5E37FCE8A}.Debug|Win32.Build.0 = Debug|Win32
		{B223B8DE-0548-413F-8FCC-F7A5E37FCE8A}.Debug|x64.ActiveCfg = Debug|x64
		{B223B8DE-0548-413F-8FCC-F7A5E37FCE8A}.Release|Win32.ActiveCfg = Release|Win32
		{B223B8DE-0548-413F-8FCC-F7A5E37FCE8A}.Release|Win32.Build.0 = Release|Win32
		{B223B8DE-0548-413F-8FCC-F7A5E37FCE8A}.Release|x64.ActiveCfg = Release|Win32
		{E64C1DEC-F9B1-4AD1-8E04-8D36593D05A3}.Debug|Win32.ActiveCfg = Debug|Win32
		{E64C1DEC-F9B1-4AD1-8E04-8D36593D05A3}.Debug|Win32.Build.0 = Debug|Win32
		{E64C1DEC-F9B1-4AD1-8E04-8D36593D05A3}.Debug|x64.ActiveCfg = Debug|x64
		{E64C1DEC-F9B1-4AD1-8E04-8D36593D05A3}.Release|Win32.ActiveCfg = Release|Win32
		{E64C1DEC-F9B1-4AD1-8E04-8D36593D05A3}.Release|Win32.Build.0 = Release|Win32
		{E64C1DEC-F9B1-4AD1-8E04-8D36593D05A3}.Release|x64.ActiveCfg = Release|Win32
		{BD33DC6E-6D09-40AB-BC8A-FF551F2332FF}.Debug|Win32.ActiveCfg = Debug|Win32
		{BD33DC6E-6D09-40AB-BC8A-FF551F2332FF}.Debug|Win32.Build.0 = Debug|Win32
		{BD33DC6E-6D09-40AB-BC8A-FF551F2332FF}.Debug|x64.ActiveCfg = Debug|x64
		{BD33DC6E-6D09-40AB-BC8A-FF551F2332FF}.Release|Win32.ActiveCfg = Release|Win32
		{BD33DC6E-6D09-40AB-BC8A-FF551F2332FF}.Release|Win32.Build.0 = Release|Win32
		{BD33DC6E-6D09-40AB-BC8A-FF551F2332FF}.Release|x64.ActiveCfg = Release|Win32
		{69A6A6A8-3F7A-4C17-8F12-E4EC564A4200}.Debug|Win32.ActiveCfg = Debug|Win32
		{69A6A6A8-3F7A-4C17-8F12-E4EC564A4200}.Debug|Win32.Build.0 = Debug|Win32
		{69A6A6A8-3F7A-4C17-8F12-E4EC564A4200}.Debug|x64.ActiveCfg = Debug|x64
		{69A6A6A8-3F7A-4C17-8F12-E4EC564A4200}.Release|Win32.ActiveCfg = Release|Win32
		{69A6A6A8-3F7A-4C17-8F12-E4EC564A4200}.Release|Win32.Build.0 = Release|Win32
		{69A6A6A8-3F7A-4C17-8F12-E4EC564A4200}.Release|x64.ActiveCfg = Release|Win32
		{508EBF92-0B99-435B-B95E-DAE1C941CC95}.Debug|Win32.ActiveCfg = Debug|Win32
		{508EBF92-0B99-435B-B95E-DAE1C941CC95}.Debug|Win32.Build.0 = Debug|Win32
		{508EBF92-0B99-435B-B95E-DAE1C941CC95}.Debug|x64.ActiveCfg = Debug|x64
		{508EBF92-0B99-435B-B95E-DAE1C941CC95}.Release|Win32.ActiveCfg = Release|Win32
		{508EBF92-0B99-435B-B95E-DAE1C941CC95}.Release|Win32.Build.0 = Release|Win32
		{508EBF92-0B99-435B-B95E-DAE1C941CC95}.Release|x64.ActiveCfg = Release|Win32
		{F5BFBE54-E2D1-46AA-96C1-090ACC0CF420}.Debug|Win32.ActiveCfg = Debug|Win32
		{F5BFBE54-E2D1-46AA-96C1-090ACC0CF420}.Debug|Win32.Build.0 = Debug|Win32
		{F5BFBE54-E2D1-46AA-96C1-090ACC0CF420}.Debug|x64.ActiveCfg = Debug|x64
		{F5BFBE54-E2D1-46AA-96C1-090ACC0CF420}.Release|Win32.ActiveCfg = Release|Win32
		{F5BFBE54-E2D1-46AA-96C1-090ACC0CF420}.Release|Win32.Build.0 = Release|Win32
		{F5BFBE54-E2D1-46AA-96C1-090ACC0CF420}.Release|x64.ActiveCfg = Release|Win32
		{1D87DD85-FECA-1BAD-91F1-C2590000002E}.Debug|Win32.ActiveCfg = Debug|Win32
		{1D87DD85-FECA-1BAD-91F1-C2590000002E}.Debug|Win32.Build.0 = Debug|Win32
		{1D87DD85-FECA-1BAD-91F1-C2590000002E}.Debug|x64.ActiveCfg = Debug|x64
		{1D87DD85-FECA-1BAD-91F1-C2590000002E}.Debug|x64.Build.0 = Debug|x64
		{1D87DD85-FECA-1BAD-91F1-C2590000002E}.Release|Win32.ActiveCfg = Release|Win32
		{1D87DD85-FECA-1BAD-91F1-C2590000002E}.Release|Win32.Build.0 = Release|Win32
		{1D87DD85-FECA-1BAD-91F1-C2590000002E}.Release|x64.ActiveCfg = Release|x64
		{1D87DD85-FECA-1BAD-91F1-C2590000002E}.Release|x64.Build.0 = Release|x64
		{B7026F9B-F4D0-4008-80D1-A9CE0E910C1D}.Debug|Win32.ActiveCfg = Debug|Win32
		{B7026F9B-F4D0-4008-80D1-A9CE0E910C1D}.Debug|Win32.Build.0 = Debug|Win32
		{B7026F9B-F4D0-4008-80D1-A9CE0E910C1D}.Debug|x64.ActiveCfg = Debug|x64
		{B7026F9B-F4D0-4008-80D1-A9CE0E910C1D}.Debug|x64.Build.0 = Debug|x64
		{B7026F9B-F4D0-4008-80D1-A9CE0E910C1D}.Release|Win32.ActiveCfg = Release|Win32
		{B7026F9B-F4D0-4008-80D1-A9CE0E910C1D}.Release|Win32.Build.0 = Release|Win32
		{B7026F9B-F4D0-4008-80D1-A9CE0E910C1D}.Release|x64.ActiveCfg = Release|x64
		{B7026F9B-F4D0-4008-80D1-A9CE0E910C1D}.Release|x64.Build.0 = Release|x64
	EndGlobalSection
	GlobalSection(SolutionProperties) = preSolution
		HideSolutionNode = FALSE
	EndGlobalSection
	GlobalSection(NestedProjects) = preSolution
		{8C99CA60-B114-4866-8D87-9DC0C17831F3} = {6C3577A3-E979-49F4-BC93-3232D278BC39}
		{511391FD-8BFC-458F-86AD-2E08525F84A2} = {0A2CE132-3DE5-4089-ABF4-12FD4A28EB5E}
		{FCD375CB-FECA-1BAD-151F-D7130000002E} = {EC9DBD53-8A11-4A91-B6B8-F69ED5C14D7B}
		{6C2026BE-FECA-1BAD-2246-D8260000002E} = {EC9DBD53-8A11-4A91-B6B8-F69ED5C14D7B}
		{46B606BB-FECA-1BAD-2246-D8260000002E} = {EC9DBD53-8A11-4A91-B6B8-F69ED5C14D7B}
		{94519142-1FDA-44E6-9B3F-F38D2D231B3D} = {0A2CE132-3DE5-4089-ABF4-12FD4A28EB5E}
		{DEEBC840-8C55-4E6F-A4A6-09A725539F85} = {0A2CE132-3DE5-4089-ABF4-12FD4A28EB5E}
		{2F26D6BE-FECA-1BAD-2246-D8260000002E} = {EC9DBD53-8A11-4A91-B6B8-F69ED5C14D7B}
		{6D1726BE-FECA-1BAD-2246-CB560000002E} = {EC9DBD53-8A11-4A91-B6B8-F69ED5C14D7B}
		{6DB736BE-FECA-1BAD-2246-C1570000002E} = {EC9DBD53-8A11-4A91-B6B8-F69ED5C14D7B}
		{3B20673A-FECA-1BAD-3A62-9A060000002E} = {EC9DBD53-8A11-4A91-B6B8-F69ED5C14D7B}
		{3B20670F-FECA-1BAD-3A62-9B760000002E} = {EC9DBD53-8A11-4A91-B6B8-F69ED5C14D7B}
		{6C1526BE-FECA-1BAD-1112-D8470000002E} = {EC9DBD53-8A11-4A91-B6B8-F69ED5C14D7B}
		{1D93DD85-FECA-1BAD-91F1-C3190000002E} = {EC9DBD53-8A11-4A91-B6B8-F69ED5C14D7B}
		{259D12CF-FECA-1BAD-6552-43F50000002E} = {EC9DBD53-8A11-4A91-B6B8-F69ED5C14D7B}
		{263726BE-FECA-1BAD-2242-79560000002E} = {EC9DBD53-8A11-4A91-B6B8-F69ED5C14D7B}
		{751C180A-FFF7-4D64-A497-C8D9A14F3630} = {6B49F1A5-D047-4F19-857F-7B74D7447E40}
		{5C8A5873-5D6B-4700-B6F6-4F7D74610094} = {6B49F1A5-D047-4F19-857F-7B74D7447E40}
		{C3460AB9-2AEC-4B04-A26C-5C55BBB022A0} = {6B49F1A5-D047-4F19-857F-7B74D7447E40}
		{A14EB494-5775-42B8-B99A-D7570633341D} = {6B49F1A5-D047-4F19-857F-7B74D7447E40}
		{7F6F701D-FECA-1BAD-0FA1-3DB00000002E} = {6B49F1A5-D047-4F19-857F-7B74D7447E40}
		{E16D3A07-B791-4243-BFAA-415DA02656C4} = {6B49F1A5-D047-4F19-857F-7B74D7447E40}
		{C5D863A1-2306-40C6-8901-CDDEB8BE8068} = {6B49F1A5-D047-4F19-857F-7B74D7447E40}
		{B223B8DE-0548-413F-8FCC-F7A5E37FCE8A} = {6B49F1A5-D047-4F19-857F-7B74D7447E40}
		{E64C1DEC-F9B1-4AD1-8E04-8D36593D05A3} = {6B49F1A5-D047-4F19-857F-7B74D7447E40}
		{BD33DC6E-6D09-40AB-BC8A-FF551F2332FF} = {45D4F1EB-81BB-4E77-9106-3F689F5610DD}
		{69A6A6A8-3F7A-4C17-8F12-E4EC564A4200} = {45D4F1EB-81BB-4E77-9106-3F689F5610DD}
		{508EBF92-0B99-435B-B95E-DAE1C941CC95} = {45D4F1EB-81BB-4E77-9106-3F689F5610DD}
		{F5BFBE54-E2D1-46AA-96C1-090ACC0CF420} = {45D4F1EB-81BB-4E77-9106-3F689F5610DD}
		{1D87DD85-FECA-1BAD-91F1-C2590000002E} = {EC9DBD53-8A11-4A91-B6B8-F69ED5C14D7B}
		{B7026F9B-F4D0-4008-80D1-A9CE0E910C1D} = {45D4F1EB-81BB-4E77-9106-3F689F5610DD}
	EndGlobalSection
EndGlobal
